
Microsoft Visual Studio Solution File, Format Version 12.00
# Visual Studio Version 17
VisualStudioVersion = 17.12.35514.174
MinimumVisualStudioVersion = 10.0.40219.1
Project("{FAE04EC0-301F-11D3-BF4B-00C04F79EFBC}") = "Cuby.API", "src\Cuby.API\Cuby.API.csproj", "{55AAAA00-8521-471D-A437-7A4E3178EDB1}"
EndProject
Project("{FAE04EC0-301F-11D3-BF4B-00C04F79EFBC}") = "Cuby.Data", "src\Cuby.Data\Cuby.Data.csproj", "{6EDF40DD-1FCC-43E1-8185-CC164E313898}"
EndProject
Project("{FAE04EC0-301F-11D3-BF4B-00C04F79EFBC}") = "Cuby.Middlewares", "src\Cuby.Middlewares\Cuby.Middlewares.csproj", "{C7EF4A61-BBC4-4551-B01F-347BE571BE86}"
EndProject
Project("{FAE04EC0-301F-11D3-BF4B-00C04F79EFBC}") = "Cuby.Services", "src\Cuby.Services\Cuby.Services.csproj", "{0C459004-1830-4292-AA32-12F828273F8D}"
EndProject
Global
	GlobalSection(SolutionConfigurationPlatforms) = preSolution
		Debug|Any CPU = Debug|Any CPU
		Release|Any CPU = Release|Any CPU
	EndGlobalSection
	GlobalSection(ProjectConfigurationPlatforms) = postSolution
		{55AAAA00-8521-471D-A437-7A4E3178EDB1}.Debug|Any CPU.ActiveCfg = Debug|Any CPU
		{55AAAA00-8521-471D-A437-7A4E3178EDB1}.Debug|Any CPU.Build.0 = Debug|Any CPU
		{55AAAA00-8521-471D-A437-7A4E3178EDB1}.Release|Any CPU.ActiveCfg = Release|Any CPU
		{55AAAA00-8521-471D-A437-7A4E3178EDB1}.Release|Any CPU.Build.0 = Release|Any CPU
		{6EDF40DD-1FCC-43E1-8185-CC164E313898}.Debug|Any CPU.ActiveCfg = Debug|Any CPU
		{6EDF40DD-1FCC-43E1-8185-CC164E313898}.Debug|Any CPU.Build.0 = Debug|Any CPU
		{6EDF40DD-1FCC-43E1-8185-CC164E313898}.Release|Any CPU.ActiveCfg = Release|Any CPU
		{6EDF40DD-1FCC-43E1-8185-CC164E313898}.Release|Any CPU.Build.0 = Release|Any CPU
		{C7EF4A61-BBC4-4551-B01F-347BE571BE86}.Debug|Any CPU.ActiveCfg = Debug|Any CPU
		{C7EF4A61-BBC4-4551-B01F-347BE571BE86}.Debug|Any CPU.Build.0 = Debug|Any CPU
		{C7EF4A61-BBC4-4551-B01F-347BE571BE86}.Release|Any CPU.ActiveCfg = Release|Any CPU
		{C7EF4A61-BBC4-4551-B01F-347BE571BE86}.Release|Any CPU.Build.0 = Release|Any CPU
		{0C459004-1830-4292-AA32-12F828273F8D}.Debug|Any CPU.ActiveCfg = Debug|Any CPU
		{0C459004-1830-4292-AA32-12F828273F8D}.Debug|Any CPU.Build.0 = Debug|Any CPU
		{0C459004-1830-4292-AA32-12F828273F8D}.Release|Any CPU.ActiveCfg = Release|Any CPU
		{0C459004-1830-4292-AA32-12F828273F8D}.Release|Any CPU.Build.0 = Release|Any CPU
	EndGlobalSection
	GlobalSection(SolutionProperties) = preSolution
		HideSolutionNode = FALSE
	EndGlobalSection
EndGlobal
